{
  "lockfileVersion": 1,
  "configVersion": 1,
  "workspaces": {
    "": {
      "dependencies": {
        "@inquirer/prompts": "^8.5.2",
        "@types/commander": "^2.12.5",
        "@types/node": "^25.9.1",
        "@vscode/ripgrep": "^1.18.0",
        "chalk": "^5.6.2",
        "glob": "^13.0.6",
      },
    },
  },
  "packages": {
    "@inquirer/ansi": ["@inquirer/ansi@2.0.7", "", {}, "sha512-3eTuUO1vH2cZm2ZKHeQxnOqlTi9EfZDGgIe3BL3I4u+rJHocr9Fz86M4fjYABPvFnQG/gGK551HqDiIcETwU6Q=="],

    "@inquirer/checkbox": ["@inquirer/checkbox@5.2.1", "", { "dependencies": { "@inquirer/ansi": "^2.0.7", "@inquirer/core": "^11.2.1", "@inquirer/figures": "^2.0.7", "@inquirer/type": "^4.0.7" }, "peerDependencies": { "@types/node": ">=18" }, "optionalPeers": ["@types/node"] }, "sha512-b6xmA/VlTe0ZgDQHDui+Nav470u7u49nRd8/iuhOcQPO9Ch7lGuogydhi2VOmNlZ+zXcM8IcPuNSwQcdJaF/kw=="],

    "@inquirer/confirm": ["@inquirer/confirm@6.1.1", "", { "dependencies": { "@inquirer/core": "^11.2.1", "@inquirer/type": "^4.0.7" }, "peerDependencies": { "@types/node": ">=18" }, "optionalPeers": ["@types/node"] }, "sha512-eb8DBZcz/2qHWQda4rk2JiQk5h9QV/cVHi1yjt0f69WFZMRFn0sJTye3EAP8icut8UDMjQPsaH5KbcOogefrFQ=="],

    "@inquirer/core": ["@inquirer/core@11.2.1", "", { "dependencies": { "@inquirer/ansi": "^2.0.7", "@inquirer/figures": "^2.0.7", "@inquirer/type": "^4.0.7", "cli-width": "^4.1.0", "fast-wrap-ansi": "^0.2.0", "mute-stream": "^3.0.0", "signal-exit": "^4.1.0" }, "peerDependencies": { "@types/node": ">=18" }, "optionalPeers": ["@types/node"] }, "sha512-Qd6GJT1yVyrZZCfN8W2qKF5ApmqryXRhRKCuip8h01x2w/esJQ2XIYc6f9abMIHgKQdBfFTSOdbHRLAhuM09UA=="],

    "@inquirer/editor": ["@inquirer/editor@5.2.2", "", { "dependencies": { "@inquirer/core": "^11.2.1", "@inquirer/external-editor": "^3.0.3", "@inquirer/type": "^4.0.7" }, "peerDependencies": { "@types/node": ">=18" }, "optionalPeers": ["@types/node"] }, "sha512-ZRVd/oD+sYsUd5zVm0NflqEzlqfYCyHNsqkHl2oWXEUHs12tCbcSFi+wVFEvD8+LGRaMUsVrE7qeo6lSG/S1Vg=="],

    "@inquirer/expand": ["@inquirer/expand@5.1.1", "", { "dependencies": { "@inquirer/core": "^11.2.1", "@inquirer/type": "^4.0.7" }, "peerDependencies": { "@types/node": ">=18" }, "optionalPeers": ["@types/node"] }, "sha512-YmQpenjbFSHAK3sOd44puHh3V1KXXr+JiNpUztoSQ4drLh2rTVzTap/YtlAVu/5xavifIlBfNEzJ/neZJ1a/1g=="],

    "@inquirer/external-editor": ["@inquirer/external-editor@3.0.3", "", { "dependencies": { "chardet": "^2.1.1", "iconv-lite": "^0.7.2" }, "peerDependencies": { "@types/node": ">=18" }, "optionalPeers": ["@types/node"] }, "sha512-6thf5I8q7lZwzGLAxPaaGEREEkZ3nyePPDQ1oyobblxmEE8mqTLguScP7pDjUTAibiyb4hfXl+qjUEJ+di/aNA=="],

    "@inquirer/figures": ["@inquirer/figures@2.0.7", "", {}, "sha512-aJ8TBPOGB6f/2qziPfElISTCEd5XOYTFckA2SGjhNmiKzfK/u4ot3v0DUzGVdUnKjN10EqnnEPck36BkyfLnJw=="],

    "@inquirer/input": ["@inquirer/input@5.1.2", "", { "dependencies": { "@inquirer/core": "^11.2.1", "@inquirer/type": "^4.0.7" }, "peerDependencies": { "@types/node": ">=18" }, "optionalPeers": ["@types/node"] }, "sha512-9K/DDBSQpOyZSkt6sOVP9Vo0TR7atX2kuILsUu0x3wVcVbe97lJwIJKMLdMw25tDYuXl/qp6erT0Xs1rfmcfZg=="],

    "@inquirer/number": ["@inquirer/number@4.1.1", "", { "dependencies": { "@inquirer/core": "^11.2.1", "@inquirer/type": "^4.0.7" }, "peerDependencies": { "@types/node": ">=18" }, "optionalPeers": ["@types/node"] }, "sha512-XF4IXAbPnGPgw0wsbC/i2tPcyfdZgDpUlhsqU0SfT4IRIGWha6Xm9VRgN5yYxJq+jnyXlfXI/nQ3ulfk0iEICA=="],

    "@inquirer/password": ["@inquirer/password@5.1.1", "", { "dependencies": { "@inquirer/ansi": "^2.0.7", "@inquirer/core": "^11.2.1", "@inquirer/type": "^4.0.7" }, "peerDependencies": { "@types/node": ">=18" }, "optionalPeers": ["@types/node"] }, "sha512-3XBfF7DAsp5qeDsvN5Rd1HmbNokVvEQoUM0QLrRcybC9nX96w3Pbmu7qUsb3IT3J3jBvs2+mTXaKHOUsgHMLzg=="],

    "@inquirer/prompts": ["@inquirer/prompts@8.5.2", "", { "dependencies": { "@inquirer/checkbox": "^5.2.1", "@inquirer/confirm": "^6.1.1", "@inquirer/editor": "^5.2.2", "@inquirer/expand": "^5.1.1", "@inquirer/input": "^5.1.2", "@inquirer/number": "^4.1.1", "@inquirer/password": "^5.1.1", "@inquirer/rawlist": "^5.3.1", "@inquirer/search": "^4.2.1", "@inquirer/select": "^5.2.1" }, "peerDependencies": { "@types/node": ">=18" }, "optionalPeers": ["@types/node"] }, "sha512-IYR/3C/paEVVQYQvdDlFZVjRCJVYHHON0XXMH91KO9GSxs0TdKYWlUdvfQl2EfAHDxUaN3IBffkE/BDTh5nJ6g=="],

    "@inquirer/rawlist": ["@inquirer/rawlist@5.3.1", "", { "dependencies": { "@inquirer/core": "^11.2.1", "@inquirer/type": "^4.0.7" }, "peerDependencies": { "@types/node": ">=18" }, "optionalPeers": ["@types/node"] }, "sha512-QqdTqQddL3qPX/PPrjobpsO25NZ4dWXgTLenrR445L2ptLEYE6Z+PD5c5CNDJNx4ugRgELAIpSIJxZaO2jJ2Og=="],

    "@inquirer/search": ["@inquirer/search@4.2.1", "", { "dependencies": { "@inquirer/core": "^11.2.1", "@inquirer/figures": "^2.0.7", "@inquirer/type": "^4.0.7" }, "peerDependencies": { "@types/node": ">=18" }, "optionalPeers": ["@types/node"] }, "sha512-xJj8QWKRSrfKoBIITLZK61dD3zwo0Rz11fgDImku30/Oe81zMdIdGgrLY2h6RkJ+KZ/GhNYIRMKnH/62qBTA5g=="],

    "@inquirer/select": ["@inquirer/select@5.2.1", "", { "dependencies": { "@inquirer/ansi": "^2.0.7", "@inquirer/core": "^11.2.1", "@inquirer/figures": "^2.0.7", "@inquirer/type": "^4.0.7" }, "peerDependencies": { "@types/node": ">=18" }, "optionalPeers": ["@types/node"] }, "sha512-FlDndEUww8m7BfukO2nJa25vhD+H5jxxCv4oGioKqzyWz3nPHhhw4LKdYRSlXuAx7DsdWia7iyaBPKKS95Evfw=="],

    "@inquirer/type": ["@inquirer/type@4.0.7", "", { "peerDependencies": { "@types/node": ">=18" }, "optionalPeers": ["@types/node"] }, "sha512-t28inv14nMQ1PhKpsJPY+kEs/c00qzeCOS2gTNRyTjG5d6qsVA2fItxW4hkvGZ5lvanGLdtCzVIx5dwdRpN1+g=="],

    "@types/commander": ["@types/commander@2.12.5", "", { "dependencies": { "commander": "*" } }, "sha512-YXGZ/rz+s57VbzcvEV9fUoXeJlBt5HaKu5iUheiIWNsJs23bz6AnRuRiZBRVBLYyPnixNvVnuzM5pSaxr8Yp/g=="],

    "@types/node": ["@types/node@25.9.1", "", { "dependencies": { "undici-types": ">=7.24.0 <7.24.7" } }, "sha512-xfrlY7UD5rMJk3ZVJP8BNzS28J36YJg+xp+LPXV1TdWxr8uMH5A860QNxYDGQe/ylDSgjxE52Q9VnO7p75tJxg=="],

    "@vscode/ripgrep": ["@vscode/ripgrep@1.18.0", "", { "optionalDependencies": { "@vscode/ripgrep-darwin-arm64": "1.18.0", "@vscode/ripgrep-darwin-x64": "1.18.0", "@vscode/ripgrep-linux-arm": "1.18.0", "@vscode/ripgrep-linux-arm64": "1.18.0", "@vscode/ripgrep-linux-ia32": "1.18.0", "@vscode/ripgrep-linux-ppc64": "1.18.0", "@vscode/ripgrep-linux-riscv64": "1.18.0", "@vscode/ripgrep-linux-s390x": "1.18.0", "@vscode/ripgrep-linux-x64": "1.18.0", "@vscode/ripgrep-win32-arm64": "1.18.0", "@vscode/ripgrep-win32-ia32": "1.18.0", "@vscode/ripgrep-win32-x64": "1.18.0" } }, "sha512-ns5lWe44tSfbTMbVUsyB+I1819PVSw4AdpgK0RNkzfWfwy6+3IUNSxwSrfTno1/oWaS/hERNz+XLWVyga2aJBQ=="],

    "@vscode/ripgrep-darwin-arm64": ["@vscode/ripgrep-darwin-arm64@1.18.0", "", { "os": "darwin", "cpu": "arm64" }, "sha512-r3ktHSvbFycQNF6sl7sNDPocpsI7J+mEzh1IaZFkY0spm3k2Z9t8hPAeOK7+p0l6p6/swkQC14XWX01low+94Q=="],

    "@vscode/ripgrep-darwin-x64": ["@vscode/ripgrep-darwin-x64@1.18.0", "", { "os": "darwin", "cpu": "x64" }, "sha512-25b4gWbL138dGuQU244ebCKKc0q05ULBMoFSz9oAEUHNeqK/lOJViDS7DRvbDazzAzSEdan391Znks/R5mkaTQ=="],

    "@vscode/ripgrep-linux-arm": ["@vscode/ripgrep-linux-arm@1.18.0", "", { "os": "linux", "cpu": "arm" }, "sha512-GDAvufNDHu8zqLEmXstalQF0Wh6wQvdsBi/Vg3Yi3CK4a8XoFXqqXVEHEZ9xQz3t0NfoSEc9JbvK9DDS6FxyxQ=="],

    "@vscode/ripgrep-linux-arm64": ["@vscode/ripgrep-linux-arm64@1.18.0", "", { "os": "linux", "cpu": "arm64" }, "sha512-lQ/5zTG++U0E3IhVgS4EPTTn/U4okncaRMM5GOFfOYZywS4nuD31GhkHbNYlDk5CuDC68+hYJ0/eQeyCKJDA+g=="],

    "@vscode/ripgrep-linux-ia32": ["@vscode/ripgrep-linux-ia32@1.18.0", "", { "os": "linux", "cpu": "ia32" }, "sha512-YWLkSUtFd4Jh5EepIhA9RJSfv3uMAVMo+2rBIGHPBnvgLrZciIs2cDKei1/p6Wc/aCzUoHyMAg2R6tw4ZCBKGg=="],

    "@vscode/ripgrep-linux-ppc64": ["@vscode/ripgrep-linux-ppc64@1.18.0", "", { "os": "linux", "cpu": "ppc64" }, "sha512-quXVY8fwQ8O/lvU1yrSqSl3jlUzysRSb+AfUfCL/tRtphxsKlFvPAejryZ6vg4Bgvn8XL74xb4qMCDmWgYrT5w=="],

    "@vscode/ripgrep-linux-riscv64": ["@vscode/ripgrep-linux-riscv64@1.18.0", "", { "os": "linux", "cpu": "none" }, "sha512-f5kBQBrWfQt8Q7OhSORuNDei5dkYagBj3y4jImSUXGMy8B/Ke7SltSRcUtjPv166FAFfHCAmWuZp3+cWnX2/Vw=="],

    "@vscode/ripgrep-linux-s390x": ["@vscode/ripgrep-linux-s390x@1.18.0", "", { "os": "linux", "cpu": "s390x" }, "sha512-rTOcJFGGcl2c07RUOWUo4U1ndnemKhY6A9hnMB18uk7jSgJc0d/QLBGWMWpumdtoJtpizn/wIv5mXIisJukusQ=="],

    "@vscode/ripgrep-linux-x64": ["@vscode/ripgrep-linux-x64@1.18.0", "", { "os": "linux", "cpu": "x64" }, "sha512-mQ3bVrUpnD2vs7QT0vX90Lt0cnUq467uFtEktIdsJJmW296RoSULRGqWgzG1AKxyBpNDD6l4ZO4qKf6SgyC23Q=="],

    "@vscode/ripgrep-win32-arm64": ["@vscode/ripgrep-win32-arm64@1.18.0", "", { "os": "win32", "cpu": "arm64" }, "sha512-vfTIjq1OHnzUjxZcHVQAMbnggp8dpGf+0QKFOZHwWPqFwXxQC8eCWM+5NUdoJ6yrElCeMzoUTXoK/LdZaniB+Q=="],

    "@vscode/ripgrep-win32-ia32": ["@vscode/ripgrep-win32-ia32@1.18.0", "", { "os": "win32", "cpu": "ia32" }, "sha512-//rfAE+BOw5AC2EMmepmiE36jUuevtQYNQqqlw1s3m9FlRxjxEut97RkRPHAu9BG4mSojatZx+kXZXNdyI9caQ=="],

    "@vscode/ripgrep-win32-x64": ["@vscode/ripgrep-win32-x64@1.18.0", "", { "os": "win32", "cpu": "x64" }, "sha512-KNPvtElldqILHdnAetujPaowkNbpqJy3ssIGGN6F6Kve9Qi+nNLI2DN01O83JjCEVQbCzl8Ov3QZ9Eov3BR8Dg=="],

    "balanced-match": ["balanced-match@4.0.4", "", {}, "sha512-BLrgEcRTwX2o6gGxGOCNyMvGSp35YofuYzw9h1IMTRmKqttAZZVU67bdb9Pr2vUHA8+j3i2tJfjO6C6+4myGTA=="],

    "brace-expansion": ["brace-expansion@5.0.6", "", { "dependencies": { "balanced-match": "^4.0.2" } }, "sha512-kLpxurY4Z4r9sgMsyG0Z9uzsBlgiU/EFKhj/h91/8yHu0edo7XuixOIH3VcJ8kkxs6/jPzoI6U9Vj3WqbMQ94g=="],

    "chalk": ["chalk@5.6.2", "", {}, "sha512-7NzBL0rN6fMUW+f7A6Io4h40qQlG+xGmtMxfbnH/K7TAtt8JQWVQK+6g0UXKMeVJoyV5EkkNsErQ8pVD3bLHbA=="],

    "chardet": ["chardet@2.1.1", "", {}, "sha512-PsezH1rqdV9VvyNhxxOW32/d75r01NY7TQCmOqomRo15ZSOKbpTFVsfjghxo6JloQUCGnH4k1LGu0R4yCLlWQQ=="],

    "cli-width": ["cli-width@4.1.0", "", {}, "sha512-ouuZd4/dm2Sw5Gmqy6bGyNNNe1qt9RpmxveLSO7KcgsTnU7RXfsw+/bukWGo1abgBiMAic068rclZsO4IWmmxQ=="],

    "commander": ["commander@15.0.0", "", {}, "sha512-z67u4ZhzCL/Tydu1lJARtEZYWbWaN7oYLHbsuzocr6y4N6WZAagG3RQ4FW61V1/0+jImpj293XfrcYnd1qxtPg=="],

    "fast-string-truncated-width": ["fast-string-truncated-width@3.0.3", "", {}, "sha512-0jjjIEL6+0jag3l2XWWizO64/aZVtpiGE3t0Zgqxv0DPuxiMjvB3M24fCyhZUO4KomJQPj3LTSUnDP3GpdwC0g=="],

    "fast-string-width": ["fast-string-width@3.0.2", "", { "dependencies": { "fast-string-truncated-width": "^3.0.2" } }, "sha512-gX8LrtNEI5hq8DVUfRQMbr5lpaS4nMIWV+7XEbXk2b8kiQIizgnlr12B4dA3ZEx3308ze0O4Q1R+cHts8kyUJg=="],

    "fast-wrap-ansi": ["fast-wrap-ansi@0.2.2", "", { "dependencies": { "fast-string-width": "^3.0.2" } }, "sha512-7F2Fl+TjRSenLqlU3UjSH0iyqopqoZIu7eZVpEirP2g1GtWa2G/ecEmBdgz31+Mxr+ELclgg6sokpSFIQiZ02Q=="],

    "glob": ["glob@13.0.6", "", { "dependencies": { "minimatch": "^10.2.2", "minipass": "^7.1.3", "path-scurry": "^2.0.2" } }, "sha512-Wjlyrolmm8uDpm/ogGyXZXb1Z+Ca2B8NbJwqBVg0axK9GbBeoS7yGV6vjXnYdGm6X53iehEuxxbyiKp8QmN4Vw=="],

    "iconv-lite": ["iconv-lite@0.7.2", "", { "dependencies": { "safer-buffer": ">= 2.1.2 < 3.0.0" } }, "sha512-im9DjEDQ55s9fL4EYzOAv0yMqmMBSZp6G0VvFyTMPKWxiSBHUj9NW/qqLmXUwXrrM7AvqSlTCfvqRb0cM8yYqw=="],

    "lru-cache": ["lru-cache@11.5.1", "", {}, "sha512-RPimw/7aMdv2oqRrxKwvZXcPfwBrn/JZ2xYcY9Hus/6LaS3VOAKVWKWgNLCFSiOm1ESXinjsDlidVU7JlnCN2A=="],

    "minimatch": ["minimatch@10.2.5", "", { "dependencies": { "brace-expansion": "^5.0.5" } }, "sha512-MULkVLfKGYDFYejP07QOurDLLQpcjk7Fw+7jXS2R2czRQzR56yHRveU5NDJEOviH+hETZKSkIk5c+T23GjFUMg=="],

    "minipass": ["minipass@7.1.3", "", {}, "sha512-tEBHqDnIoM/1rXME1zgka9g6Q2lcoCkxHLuc7ODJ5BxbP5d4c2Z5cGgtXAku59200Cx7diuHTOYfSBD8n6mm8A=="],

    "mute-stream": ["mute-stream@3.0.0", "", {}, "sha512-dkEJPVvun4FryqBmZ5KhDo0K9iDXAwn08tMLDinNdRBNPcYEDiWYysLcc6k3mjTMlbP9KyylvRpd4wFtwrT9rw=="],

    "path-scurry": ["path-scurry@2.0.2", "", { "dependencies": { "lru-cache": "^11.0.0", "minipass": "^7.1.2" } }, "sha512-3O/iVVsJAPsOnpwWIeD+d6z/7PmqApyQePUtCndjatj/9I5LylHvt5qluFaBT3I5h3r1ejfR056c+FCv+NnNXg=="],

    "safer-buffer": ["safer-buffer@2.1.2", "", {}, "sha512-YZo3K82SD7Riyi0E1EQPojLz7kpepnSQI9IyPbHHg1XXXevb5dJI7tpyN2ADxGcQbHG7vcyRHk0cbwqcQriUtg=="],

    "signal-exit": ["signal-exit@4.1.0", "", {}, "sha512-bzyZ1e88w9O1iNJbKnOlvYTrWPDl46O1bG0D3XInv+9tkPrxrN8jUUTiFlDkkmKWgn1M6CfIA13SuGqOa9Korw=="],

    "undici-types": ["undici-types@7.24.6", "", {}, "sha512-WRNW+sJgj5OBN4/0JpHFqtqzhpbnV0GuB+OozA9gCL7a993SmU+1JBZCzLNxYsbMfIeDL+lTsphD5jN5N+n0zg=="],
  }
}
